{
    "_readme": [
        "This file locks the dependencies of your project to a known state",
        "Read more about it at https://getcomposer.org/doc/01-basic-usage.md#composer-lock-the-lock-file",
        "This file is @generated automatically"
    ],
    "content-hash": "5296e9b0e9f80700c3b7ade66a24e181",
    "packages": [
        {
            "name": "php-ai/php-ml",
            "version": "dev-master",
            "source": {
                "type": "git",
                "url": "https://github.com/php-ai/php-ml.git",
                "reference": "f4650c696c94b0a0fb55f11bd4f6422278d876a7"
            },
            "dist": {
                "type": "zip",
                "url": "https://files.phpcomposer.com/files/php-ai/php-ml/f4650c696c94b0a0fb55f11bd4f6422278d876a7.zip",
                "reference": "f4650c696c94b0a0fb55f11bd4f6422278d876a7",
                "shasum": ""
            },
            "require": {
                "php": ">=7.0.0"
            },
            "require-dev": {
                "friendsofphp/php-cs-fixer": "^2.4",
                "phpunit/phpunit": "^6.0"
            },
            "type": "library",
            "autoload": {
                "psr-0": {
                    "Phpml": "src/"
                }
            },
            "notification-url": "https://packagist.org/downloads/",
            "license": [
                "MIT"
            ],
            "authors": [
                {
                    "name": "Arkadiusz Kondas",
                    "email": "arkadiusz.kondas@gmail.com"
                }
            ],
            "description": "PHP-ML - Machine Learning library for PHP",
            "homepage": "https://github.com/php-ai/php-ml",
            "keywords": [
                "Neural network",
                "artificial intelligence",
                "computational learning theory",
                "data science",
                "feature extraction",
                "machine learning",
                "pattern recognition"
            ],
            "time": "2017-11-06 07:56:37"
        }
    ],
    "packages-dev": [],
    "aliases": [],
    "minimum-stability": "stable",
    "stability-flags": {
        "php-ai/php-ml": 20
    },
    "prefer-stable": false,
    "prefer-lowest": false,
    "platform": [],
    "platform-dev": []
}
