{
    "_readme": [
        "This file locks the dependencies of your project to a known state",
        "Read more about it at https://getcomposer.org/doc/01-basic-usage.md#installing-dependencies",
        "This file is @generated automatically"
    ],
    "content-hash": "5c531fc78fdef35db2841fa09ec7560f",
    "packages": [
        {
            "name": "guzzlehttp/psr7",
            "version": "1.4.2",
            "source": {
                "type": "git",
                "url": "https://github.com/guzzle/psr7.git",
                "reference": "f5b8a8512e2b58b0071a7280e39f14f72e05d87c"
            },
            "dist": {
                "type": "zip",
                "url": "https://api.github.com/repos/guzzle/psr7/zipball/f5b8a8512e2b58b0071a7280e39f14f72e05d87c",
                "reference": "f5b8a8512e2b58b0071a7280e39f14f72e05d87c",
                "shasum": ""
            },
            "require": {
                "php": ">=5.4.0",
                "psr/http-message": "~1.0"
            },
            "provide": {
                "psr/http-message-implementation": "1.0"
            },
            "require-dev": {
                "phpunit/phpunit": "~4.0"
            },
            "type": "library",
            "extra": {
                "branch-alias": {
                    "dev-master": "1.4-dev"
                }
            },
            "autoload": {
                "psr-4": {
                    "GuzzleHttp\\Psr7\\": "src/"
                },
                "files": [
                    "src/functions_include.php"
                ]
            },
            "notification-url": "https://packagist.org/downloads/",
            "license": [
                "MIT"
            ],
            "authors": [
                {
                    "name": "Michael Dowling",
                    "email": "mtdowling@gmail.com",
                    "homepage": "https://github.com/mtdowling"
                },
                {
                    "name": "Tobias Schultze",
                    "homepage": "https://github.com/Tobion"
                }
            ],
            "description": "PSR-7 message implementation that also provides common utility methods",
            "keywords": [
                "http",
                "message",
                "request",
                "response",
                "stream",
                "uri",
                "url"
            ],
            "time": "2017-03-20T17:10:46+00:00"
        },
        {
            "name": "intervention/image",
            "version": "2.4.2",
            "source": {
                "type": "git",
                "url": "https://github.com/Intervention/image.git",
                "reference": "e82d274f786e3d4b866a59b173f42e716f0783eb"
            },
            "dist": {
                "type": "zip",
                "url": "https://api.github.com/repos/Intervention/image/zipball/e82d274f786e3d4b866a59b173f42e716f0783eb",
                "reference": "e82d274f786e3d4b866a59b173f42e716f0783eb",
                "shasum": ""
            },
            "require": {
                "ext-fileinfo": "*",
                "guzzlehttp/psr7": "~1.1",
                "php": ">=5.4.0"
            },
            "require-dev": {
                "mockery/mockery": "~0.9.2",
                "phpunit/phpunit": "^4.8 || ^5.7"
            },
            "suggest": {
                "ext-gd": "to use GD library based image processing.",
                "ext-imagick": "to use Imagick based image processing.",
                "intervention/imagecache": "Caching extension for the Intervention Image library"
            },
            "type": "library",
            "extra": {
                "branch-alias": {
                    "dev-master": "2.4-dev"
                },
                "laravel": {
                    "providers": [
                        "Intervention\\Image\\ImageServiceProvider"
                    ],
                    "aliases": {
                        "Image": "Intervention\\Image\\Facades\\Image"
                    }
                }
            },
            "autoload": {
                "psr-4": {
                    "Intervention\\Image\\": "src/Intervention/Image"
                }
            },
            "notification-url": "https://packagist.org/downloads/",
            "license": [
                "MIT"
            ],
            "authors": [
                {
                    "name": "Oliver Vogel",
                    "email": "oliver@olivervogel.com",
                    "homepage": "http://olivervogel.com/"
                }
            ],
            "description": "Image handling and manipulation library with support for Laravel integration",
            "homepage": "http://image.intervention.io/",
            "keywords": [
                "gd",
                "image",
                "imagick",
                "laravel",
                "thumbnail",
                "watermark"
            ],
            "time": "2018-05-29T14:19:03+00:00"
        },
        {
            "name": "league/flysystem",
            "version": "1.1.4",
            "source": {
                "type": "git",
                "url": "https://github.com/thephpleague/flysystem.git",
                "reference": "f3ad69181b8afed2c9edf7be5a2918144ff4ea32"
            },
            "dist": {
                "type": "zip",
                "url": "https://api.github.com/repos/thephpleague/flysystem/zipball/f3ad69181b8afed2c9edf7be5a2918144ff4ea32",
                "reference": "f3ad69181b8afed2c9edf7be5a2918144ff4ea32",
                "shasum": ""
            },
            "require": {
                "ext-fileinfo": "*",
                "league/mime-type-detection": "^1.3",
                "php": "^7.2.5 || ^8.0"
            },
            "conflict": {
                "league/flysystem-sftp": "<1.0.6"
            },
            "require-dev": {
                "phpspec/prophecy": "^1.11.1",
                "phpunit/phpunit": "^8.5.8"
            },
            "suggest": {
                "ext-ftp": "Allows you to use FTP server storage",
                "ext-openssl": "Allows you to use FTPS server storage",
                "league/flysystem-aws-s3-v2": "Allows you to use S3 storage with AWS SDK v2",
                "league/flysystem-aws-s3-v3": "Allows you to use S3 storage with AWS SDK v3",
                "league/flysystem-azure": "Allows you to use Windows Azure Blob storage",
                "league/flysystem-cached-adapter": "Flysystem adapter decorator for metadata caching",
                "league/flysystem-eventable-filesystem": "Allows you to use EventableFilesystem",
                "league/flysystem-rackspace": "Allows you to use Rackspace Cloud Files",
                "league/flysystem-sftp": "Allows you to use SFTP server storage via phpseclib",
                "league/flysystem-webdav": "Allows you to use WebDAV storage",
                "league/flysystem-ziparchive": "Allows you to use ZipArchive adapter",
                "spatie/flysystem-dropbox": "Allows you to use Dropbox storage",
                "srmklive/flysystem-dropbox-v2": "Allows you to use Dropbox storage for PHP 5 applications"
            },
            "type": "library",
            "extra": {
                "branch-alias": {
                    "dev-master": "1.1-dev"
                }
            },
            "autoload": {
                "psr-4": {
                    "League\\Flysystem\\": "src/"
                }
            },
            "notification-url": "https://packagist.org/downloads/",
            "license": [
                "MIT"
            ],
            "authors": [
                {
                    "name": "Frank de Jonge",
                    "email": "info@frenky.net"
                }
            ],
            "description": "Filesystem abstraction: Many filesystems, one API.",
            "keywords": [
                "Cloud Files",
                "WebDAV",
                "abstraction",
                "aws",
                "cloud",
                "copy.com",
                "dropbox",
                "file systems",
                "files",
                "filesystem",
                "filesystems",
                "ftp",
                "rackspace",
                "remote",
                "s3",
                "sftp",
                "storage"
            ],
            "support": {
                "issues": "https://github.com/thephpleague/flysystem/issues",
                "source": "https://github.com/thephpleague/flysystem/tree/1.1.4"
            },
            "funding": [
                {
                    "url": "https://offset.earth/frankdejonge",
                    "type": "other"
                }
            ],
            "time": "2021-06-23T21:56:05+00:00"
        },
        {
            "name": "league/glide",
            "version": "1.3.0",
            "source": {
                "type": "git",
                "url": "https://github.com/thephpleague/glide.git",
                "reference": "bd29f65c9666abd72e66916e0573801e435ca878"
            },
            "dist": {
                "type": "zip",
                "url": "https://api.github.com/repos/thephpleague/glide/zipball/bd29f65c9666abd72e66916e0573801e435ca878",
                "reference": "bd29f65c9666abd72e66916e0573801e435ca878",
                "shasum": ""
            },
            "require": {
                "intervention/image": "^2.1",
                "league/flysystem": "^1.0",
                "php": "^5.4 | ^7.0",
                "psr/http-message": "^1.0"
            },
            "require-dev": {
                "mockery/mockery": "~0.9",
                "phpunit/php-token-stream": "^1.4",
                "phpunit/phpunit": "~4.4"
            },
            "type": "library",
            "extra": {
                "branch-alias": {
                    "dev-master": "1.1-dev"
                }
            },
            "autoload": {
                "psr-4": {
                    "League\\Glide\\": "src/"
                }
            },
            "notification-url": "https://packagist.org/downloads/",
            "license": [
                "MIT"
            ],
            "authors": [
                {
                    "name": "Jonathan Reinink",
                    "email": "jonathan@reinink.ca",
                    "homepage": "http://reinink.ca"
                }
            ],
            "description": "Wonderfully easy on-demand image manipulation library with an HTTP based API.",
            "homepage": "http://glide.thephpleague.com",
            "keywords": [
                "ImageMagick",
                "editing",
                "gd",
                "image",
                "imagick",
                "league",
                "manipulation",
                "processing"
            ],
            "time": "2018-02-12T23:28:25+00:00"
        },
        {
            "name": "league/mime-type-detection",
            "version": "1.7.0",
            "source": {
                "type": "git",
                "url": "https://github.com/thephpleague/mime-type-detection.git",
                "reference": "3b9dff8aaf7323590c1d2e443db701eb1f9aa0d3"
            },
            "dist": {
                "type": "zip",
                "url": "https://api.github.com/repos/thephpleague/mime-type-detection/zipball/3b9dff8aaf7323590c1d2e443db701eb1f9aa0d3",
                "reference": "3b9dff8aaf7323590c1d2e443db701eb1f9aa0d3",
                "shasum": ""
            },
            "require": {
                "ext-fileinfo": "*",
                "php": "^7.2 || ^8.0"
            },
            "require-dev": {
                "friendsofphp/php-cs-fixer": "^2.18",
                "phpstan/phpstan": "^0.12.68",
                "phpunit/phpunit": "^8.5.8 || ^9.3"
            },
            "type": "library",
            "autoload": {
                "psr-4": {
                    "League\\MimeTypeDetection\\": "src"
                }
            },
            "notification-url": "https://packagist.org/downloads/",
            "license": [
                "MIT"
            ],
            "authors": [
                {
                    "name": "Frank de Jonge",
                    "email": "info@frankdejonge.nl"
                }
            ],
            "description": "Mime-type detection for Flysystem",
            "support": {
                "issues": "https://github.com/thephpleague/mime-type-detection/issues",
                "source": "https://github.com/thephpleague/mime-type-detection/tree/1.7.0"
            },
            "funding": [
                {
                    "url": "https://github.com/frankdejonge",
                    "type": "github"
                },
                {
                    "url": "https://tidelift.com/funding/github/packagist/league/flysystem",
                    "type": "tidelift"
                }
            ],
            "time": "2021-01-18T20:58:21+00:00"
        },
        {
            "name": "nancheng/pfinal-array",
            "version": "v0.2",
            "source": {
                "type": "git",
                "url": "https://github.com/Neroxiezi/pfinal-array.git",
                "reference": "13e2a85dc784986caeed28a8f6968f64516fddb2"
            },
            "dist": {
                "type": "zip",
                "url": "https://api.github.com/repos/Neroxiezi/pfinal-array/zipball/13e2a85dc784986caeed28a8f6968f64516fddb2",
                "reference": "13e2a85dc784986caeed28a8f6968f64516fddb2",
                "shasum": ""
            },
            "require": {
                "php": ">=5.4.0"
            },
            "type": "library",
            "autoload": {
                "psr-4": {
                    "pf\\arr\\": "src/"
                }
            },
            "notification-url": "https://packagist.org/downloads/",
            "license": [
                "MIT"
            ],
            "authors": [
                {
                    "name": "小九",
                    "email": "Lampxiezi@163.com",
                    "homepage": "http://friday-go.cc/"
                }
            ],
            "description": "This is a PHP array manipulation middleware",
            "homepage": "https://github.com/Neroxiezi/pfinal-array",
            "keywords": [
                "Q哥",
                "array",
                "pfinal",
                "php-array",
                "南丞"
            ],
            "time": "2017-11-10T09:37:54+00:00"
        },
        {
            "name": "psr/http-message",
            "version": "1.0.1",
            "source": {
                "type": "git",
                "url": "https://github.com/php-fig/http-message.git",
                "reference": "f6561bf28d520154e4b0ec72be95418abe6d9363"
            },
            "dist": {
                "type": "zip",
                "url": "https://api.github.com/repos/php-fig/http-message/zipball/f6561bf28d520154e4b0ec72be95418abe6d9363",
                "reference": "f6561bf28d520154e4b0ec72be95418abe6d9363",
                "shasum": ""
            },
            "require": {
                "php": ">=5.3.0"
            },
            "type": "library",
            "extra": {
                "branch-alias": {
                    "dev-master": "1.0.x-dev"
                }
            },
            "autoload": {
                "psr-4": {
                    "Psr\\Http\\Message\\": "src/"
                }
            },
            "notification-url": "https://packagist.org/downloads/",
            "license": [
                "MIT"
            ],
            "authors": [
                {
                    "name": "PHP-FIG",
                    "homepage": "http://www.php-fig.org/"
                }
            ],
            "description": "Common interface for HTTP messages",
            "homepage": "https://github.com/php-fig/http-message",
            "keywords": [
                "http",
                "http-message",
                "psr",
                "psr-7",
                "request",
                "response"
            ],
            "time": "2016-08-06T14:39:51+00:00"
        },
        {
            "name": "psr/log",
            "version": "1.0.2",
            "source": {
                "type": "git",
                "url": "https://github.com/php-fig/log.git",
                "reference": "4ebe3a8bf773a19edfe0a84b6585ba3d401b724d"
            },
            "dist": {
                "type": "zip",
                "url": "https://api.github.com/repos/php-fig/log/zipball/4ebe3a8bf773a19edfe0a84b6585ba3d401b724d",
                "reference": "4ebe3a8bf773a19edfe0a84b6585ba3d401b724d",
                "shasum": ""
            },
            "require": {
                "php": ">=5.3.0"
            },
            "type": "library",
            "extra": {
                "branch-alias": {
                    "dev-master": "1.0.x-dev"
                }
            },
            "autoload": {
                "psr-4": {
                    "Psr\\Log\\": "Psr/Log/"
                }
            },
            "notification-url": "https://packagist.org/downloads/",
            "license": [
                "MIT"
            ],
            "authors": [
                {
                    "name": "PHP-FIG",
                    "homepage": "http://www.php-fig.org/"
                }
            ],
            "description": "Common interface for logging libraries",
            "homepage": "https://github.com/php-fig/log",
            "keywords": [
                "log",
                "psr",
                "psr-3"
            ],
            "time": "2016-10-10T12:19:37+00:00"
        },
        {
            "name": "spatie/image",
            "version": "1.5.2",
            "source": {
                "type": "git",
                "url": "https://github.com/spatie/image.git",
                "reference": "d4cb6afff1b98fd6e17396d91e0e584c3d91bb23"
            },
            "dist": {
                "type": "zip",
                "url": "https://api.github.com/repos/spatie/image/zipball/d4cb6afff1b98fd6e17396d91e0e584c3d91bb23",
                "reference": "d4cb6afff1b98fd6e17396d91e0e584c3d91bb23",
                "shasum": ""
            },
            "require": {
                "league/glide": "^1.2",
                "php": "^7.0",
                "spatie/image-optimizer": "^1.0",
                "spatie/temporary-directory": "^1.0.0",
                "symfony/process": "^3.0|^4.0"
            },
            "require-dev": {
                "larapack/dd": "^1.1",
                "phpunit/phpunit": "^6.0|^7.0",
                "symfony/var-dumper": "^3.2"
            },
            "type": "library",
            "autoload": {
                "psr-4": {
                    "Spatie\\Image\\": "src"
                }
            },
            "notification-url": "https://packagist.org/downloads/",
            "license": [
                "MIT"
            ],
            "authors": [
                {
                    "name": "Freek Van der Herten",
                    "email": "freek@spatie.be",
                    "homepage": "https://spatie.be",
                    "role": "Developer"
                }
            ],
            "description": "Manipulate images with an expressive API",
            "homepage": "https://github.com/spatie/image",
            "keywords": [
                "image",
                "spatie"
            ],
            "time": "2018-05-05T21:44:52+00:00"
        },
        {
            "name": "spatie/image-optimizer",
            "version": "1.1.0",
            "source": {
                "type": "git",
                "url": "https://github.com/spatie/image-optimizer.git",
                "reference": "1530d6cf72070068eecab150ffb73466c3806bdd"
            },
            "dist": {
                "type": "zip",
                "url": "https://api.github.com/repos/spatie/image-optimizer/zipball/1530d6cf72070068eecab150ffb73466c3806bdd",
                "reference": "1530d6cf72070068eecab150ffb73466c3806bdd",
                "shasum": ""
            },
            "require": {
                "php": "^7.0",
                "psr/log": "^1.0",
                "symfony/process": "^2.8|^3.0|^4.0"
            },
            "require-dev": {
                "phpunit/phpunit": "^6.2|^7.0",
                "symfony/var-dumper": "^3.0|^4.0"
            },
            "type": "library",
            "autoload": {
                "psr-4": {
                    "Spatie\\ImageOptimizer\\": "src"
                }
            },
            "notification-url": "https://packagist.org/downloads/",
            "license": [
                "MIT"
            ],
            "authors": [
                {
                    "name": "Freek Van der Herten",
                    "email": "freek@spatie.be",
                    "homepage": "https://spatie.be",
                    "role": "Developer"
                }
            ],
            "description": "Easily optimize images using PHP",
            "homepage": "https://github.com/spatie/image-optimizer",
            "keywords": [
                "image-optimizer",
                "spatie"
            ],
            "time": "2018-06-05T07:36:17+00:00"
        },
        {
            "name": "spatie/temporary-directory",
            "version": "1.1.4",
            "source": {
                "type": "git",
                "url": "https://github.com/spatie/temporary-directory.git",
                "reference": "5e1799fa2297363ebfb4df296fea90afbd4ef9b7"
            },
            "dist": {
                "type": "zip",
                "url": "https://api.github.com/repos/spatie/temporary-directory/zipball/5e1799fa2297363ebfb4df296fea90afbd4ef9b7",
                "reference": "5e1799fa2297363ebfb4df296fea90afbd4ef9b7",
                "shasum": ""
            },
            "require": {
                "php": "^7.0"
            },
            "require-dev": {
                "phpunit/phpunit": "^6.3"
            },
            "type": "library",
            "autoload": {
                "psr-4": {
                    "Spatie\\TemporaryDirectory\\": "src"
                }
            },
            "notification-url": "https://packagist.org/downloads/",
            "license": [
                "MIT"
            ],
            "authors": [
                {
                    "name": "Alex Vanderbist",
                    "email": "alex@spatie.be",
                    "homepage": "https://spatie.be",
                    "role": "Developer"
                }
            ],
            "description": "Easily create, use and destroy temporary directories",
            "homepage": "https://github.com/spatie/temporary-directory",
            "keywords": [
                "spatie",
                "temporary-directory"
            ],
            "time": "2018-04-12T09:34:43+00:00"
        },
        {
            "name": "symfony/process",
            "version": "v3.4.12",
            "source": {
                "type": "git",
                "url": "https://github.com/symfony/process.git",
                "reference": "acc5a37c706ace827962851b69705b24e71ca17c"
            },
            "dist": {
                "type": "zip",
                "url": "https://api.github.com/repos/symfony/process/zipball/acc5a37c706ace827962851b69705b24e71ca17c",
                "reference": "acc5a37c706ace827962851b69705b24e71ca17c",
                "shasum": ""
            },
            "require": {
                "php": "^5.5.9|>=7.0.8"
            },
            "type": "library",
            "extra": {
                "branch-alias": {
                    "dev-master": "3.4-dev"
                }
            },
            "autoload": {
                "psr-4": {
                    "Symfony\\Component\\Process\\": ""
                },
                "exclude-from-classmap": [
                    "/Tests/"
                ]
            },
            "notification-url": "https://packagist.org/downloads/",
            "license": [
                "MIT"
            ],
            "authors": [
                {
                    "name": "Fabien Potencier",
                    "email": "fabien@symfony.com"
                },
                {
                    "name": "Symfony Community",
                    "homepage": "https://symfony.com/contributors"
                }
            ],
            "description": "Symfony Process Component",
            "homepage": "https://symfony.com",
            "time": "2018-05-30T04:24:30+00:00"
        }
    ],
    "packages-dev": [],
    "aliases": [],
    "minimum-stability": "stable",
    "stability-flags": [],
    "prefer-stable": false,
    "prefer-lowest": false,
    "platform": [],
    "platform-dev": [],
    "plugin-api-version": "2.1.0"
}
